
Microsoft Visual Studio Solution File, Format Version 12.00
# Visual Studio Version 16
VisualStudioVersion = 16.0.34729.46
MinimumVisualStudioVersion = 10.0.40219.1
Project("{FAE04EC0-301F-11D3-BF4B-00C04F79EFBC}") = "stripe-subscription", "stripe-subscription\stripe-subscription.csproj", "{6A130292-D45B-458E-8CA8-30DBCDE67282}"
EndProject
Global
	GlobalSection(SolutionConfigurationPlatforms) = preSolution
		Debug|Any CPU = Debug|Any CPU
		Release|Any CPU = Release|Any CPU
	EndGlobalSection
	GlobalSection(ProjectConfigurationPlatforms) = postSolution
		{6A130292-D45B-458E-8CA8-30DBCDE67282}.Debug|Any CPU.ActiveCfg = Debug|Any CPU
		{6A130292-D45B-458E-8CA8-30DBCDE67282}.Debug|Any CPU.Build.0 = Debug|Any CPU
		{6A130292-D45B-458E-8CA8-30DBCDE67282}.Release|Any CPU.ActiveCfg = Release|Any CPU
		{6A130292-D45B-458E-8CA8-30DBCDE67282}.Release|Any CPU.Build.0 = Release|Any CPU
	EndGlobalSection
	GlobalSection(SolutionProperties) = preSolution
		HideSolutionNode = FALSE
	EndGlobalSection
	GlobalSection(ExtensibilityGlobals) = postSolution
		SolutionGuid = {29B767D0-A447-40BF-9966-8FF45CE0D449}
	EndGlobalSection
EndGlobal
